PODS:
  - Alamofire (5.0.0-rc.3)
  - AlamofireNetworkActivityLogger (3.0.0):
    - Alamofire (~> 5.0.0-rc.2)
  - DateToolsSwift (4.0.0)
  - ObjectMapper (3.5.1)
  - Realm (4.1.1):
    - Realm/Headers (= 4.1.1)
  - Realm/Headers (4.1.1)
  - RealmSwift (4.1.1):
    - Realm (= 4.1.1)
  - RxCocoa (5.0.1):
    - RxRelay (~> 5)
    - RxSwift (~> 5)
  - RxRealm (2.0.0):
    - RealmSwift (~> 4.0)
    - RxSwift (~> 5.0)
  - RxRelay (5.0.1):
    - RxSwift (~> 5)
  - RxSwift (5.0.1)
  - SVProgressHUD (2.2.5)
  - XMLMapper (1.5.3):
    - XMLMapper/Core (= 1.5.3)
  - XMLMapper/Core (1.5.3)

DEPENDENCIES:
  - Alamofire
  - AlamofireNetworkActivityLogger
  - DateToolsSwift
  - ObjectMapper
  - RealmSwift
  - RxCocoa
  - RxRealm
  - RxSwift
  - SVProgressHUD
  - XMLMapper

SPEC REPOS:
  trunk:
    - Alamofire
    - AlamofireNetworkActivityLogger
    - DateToolsSwift
    - ObjectMapper
    - Realm
    - RealmSwift
    - RxCocoa
    - RxRealm
    - RxRelay
    - RxSwift
    - SVProgressHUD
    - XMLMapper

SPEC CHECKSUMS:
  Alamofire: ca8c0de6906873be89d6deec5c8de279e00bf872
  AlamofireNetworkActivityLogger: 94e8a7d454a4a9800cef1d0c1d3699754493684b
  DateToolsSwift: 875d97ff9e3a5d54abdd67a269b3f51c757b71ab
  ObjectMapper: 70187b8941977c62ccfb423caf6b50be405cabf0
  Realm: 25f0a8244cbb1c2271c922963ea8666fc2d8104d
  RealmSwift: 9e2657b33764f80e4a4dffd6d440e24715782052
  RxCocoa: e741b9749968e8a143e2b787f1dfbff2b63d0a5c
  RxRealm: 900f5c7e6f0a2d6527b56eaf7283f3035ec1e8ba
  RxRelay: 89d54507f4fd4d969e6ec1d4bd7f3673640b4640
  RxSwift: e2dc62b366a3adf6a0be44ba9f405efd4c94e0c4
  SVProgressHUD: 1428aafac632c1f86f62aa4243ec12008d7a51d6
  XMLMapper: 26bfd75cd204b514b608a41681415f2bdbac1053

PODFILE CHECKSUM: 3838563380570bf374496ddd0e79a5703d3cedf0

COCOAPODS: 1.8.4
