// !$*UTF8*$!
{
	archiveVersion = 1;
	classes = {
	};
	objectVersion = 51;
	objects = {

/* Begin PBXBuildFile section */
		01E5FDC70456C59C4F22E61A /* Pods_BillsNotifier.framework in Frameworks */ = {isa = PBXBuildFile; fileRef = EE802D8009778065F850706D /* Pods_BillsNotifier.framework */; };
		7F2C5381223D8DD900577A8D /* AppDelegate.swift in Sources */ = {isa = PBXBuildFile; fileRef = 7F2C5380223D8DD900577A8D /* AppDelegate.swift */; };
		7F2C5383223D8DD900577A8D /* ViewController.swift in Sources */ = {isa = PBXBuildFile; fileRef = 7F2C5382223D8DD900577A8D /* ViewController.swift */; };
		7F2C5386223D8DD900577A8D /* Main.storyboard in Resources */ = {isa = PBXBuildFile; fileRef = 7F2C5384223D8DD900577A8D /* Main.storyboard */; };
		7F2C5388223D8DDC00577A8D /* Assets.xcassets in Resources */ = {isa = PBXBuildFile; fileRef = 7F2C5387223D8DDC00577A8D /* Assets.xcassets */; };
		7F2C538B223D8DDC00577A8D /* LaunchScreen.storyboard in Resources */ = {isa = PBXBuildFile; fileRef = 7F2C5389223D8DDC00577A8D /* LaunchScreen.storyboard */; };
		7F2C5393223D8E1000577A8D /* Claro.swift in Sources */ = {isa = PBXBuildFile; fileRef = 7F2C5392223D8E1000577A8D /* Claro.swift */; };
		7F2C5395223D996600577A8D /* DataRequest.swift in Sources */ = {isa = PBXBuildFile; fileRef = 7F2C5394223D996600577A8D /* DataRequest.swift */; };
		7F2C5397223D9A8900577A8D /* DateTransform.swift in Sources */ = {isa = PBXBuildFile; fileRef = 7F2C5396223D9A8900577A8D /* DateTransform.swift */; };
		7F2C5399223DA21700577A8D /* NumberFormatter.swift in Sources */ = {isa = PBXBuildFile; fileRef = 7F2C5398223DA21700577A8D /* NumberFormatter.swift */; };
		7F2C539B223DA63400577A8D /* EPM.swift in Sources */ = {isa = PBXBuildFile; fileRef = 7F2C539A223DA63400577A8D /* EPM.swift */; };
		7F2C539D223DB0FA00577A8D /* LocalPushNotification.swift in Sources */ = {isa = PBXBuildFile; fileRef = 7F2C539C223DB0FA00577A8D /* LocalPushNotification.swift */; };
		7F2C53A3223DD06000577A8D /* BillListViewModel.swift in Sources */ = {isa = PBXBuildFile; fileRef = 7F2C53A2223DD06000577A8D /* BillListViewModel.swift */; };
		7F2C53A5223DD2EC00577A8D /* Realm.swift in Sources */ = {isa = PBXBuildFile; fileRef = 7F2C53A4223DD2EC00577A8D /* Realm.swift */; };
		7F2C53A7223DD33800577A8D /* Bill.swift in Sources */ = {isa = PBXBuildFile; fileRef = 7F2C53A6223DD33800577A8D /* Bill.swift */; };
		7FD188A9225FD0FE00388CAC /* BillListTableViewCell.swift in Sources */ = {isa = PBXBuildFile; fileRef = 7FD188A8225FD0FE00388CAC /* BillListTableViewCell.swift */; };
		7FD188AB225FE72500388CAC /* UIBarButtonItem.swift in Sources */ = {isa = PBXBuildFile; fileRef = 7FD188AA225FE72500388CAC /* UIBarButtonItem.swift */; };
		7FD188AD225FE79200388CAC /* UIImage.swift in Sources */ = {isa = PBXBuildFile; fileRef = 7FD188AC225FE79200388CAC /* UIImage.swift */; };
		7FD188B1225FE7FA00388CAC /* UIView.swift in Sources */ = {isa = PBXBuildFile; fileRef = 7FD188B0225FE7F900388CAC /* UIView.swift */; };
		7FE8239222F1FDA700883A30 /* Enel.swift in Sources */ = {isa = PBXBuildFile; fileRef = 7FE8239122F1FDA700883A30 /* Enel.swift */; };
		7FE8239422F3B2FF00883A30 /* Acueducto.swift in Sources */ = {isa = PBXBuildFile; fileRef = 7FE8239322F3B2FF00883A30 /* Acueducto.swift */; };
		7FE8239622F3BD6900883A30 /* Regex.swift in Sources */ = {isa = PBXBuildFile; fileRef = 7FE8239522F3BD6900883A30 /* Regex.swift */; };
/* End PBXBuildFile section */

/* Begin PBXFileReference section */
		7F2C537D223D8DD900577A8D /* BillsNotifier.app */ = {isa = PBXFileReference; explicitFileType = wrapper.application; includeInIndex = 0; path = BillsNotifier.app; sourceTree = BUILT_PRODUCTS_DIR; };
		7F2C5380223D8DD900577A8D /* AppDelegate.swift */ = {isa = PBXFileReference; lastKnownFileType = sourcecode.swift; path = AppDelegate.swift; sourceTree = "<group>"; };
		7F2C5382223D8DD900577A8D /* ViewController.swift */ = {isa = PBXFileReference; lastKnownFileType = sourcecode.swift; path = ViewController.swift; sourceTree = "<group>"; };
		7F2C5385223D8DD900577A8D /* Base */ = {isa = PBXFileReference; lastKnownFileType = file.storyboard; name = Base; path = Base.lproj/Main.storyboard; sourceTree = "<group>"; };
		7F2C5387223D8DDC00577A8D /* Assets.xcassets */ = {isa = PBXFileReference; lastKnownFileType = folder.assetcatalog; path = Assets.xcassets; sourceTree = "<group>"; };
		7F2C538A223D8DDC00577A8D /* Base */ = {isa = PBXFileReference; lastKnownFileType = file.storyboard; name = Base; path = Base.lproj/LaunchScreen.storyboard; sourceTree = "<group>"; };
		7F2C538C223D8DDC00577A8D /* Info.plist */ = {isa = PBXFileReference; lastKnownFileType = text.plist.xml; path = Info.plist; sourceTree = "<group>"; };
		7F2C5392223D8E1000577A8D /* Claro.swift */ = {isa = PBXFileReference; lastKnownFileType = sourcecode.swift; path = Claro.swift; sourceTree = "<group>"; };
		7F2C5394223D996600577A8D /* DataRequest.swift */ = {isa = PBXFileReference; lastKnownFileType = sourcecode.swift; path = DataRequest.swift; sourceTree = "<group>"; };
		7F2C5396223D9A8900577A8D /* DateTransform.swift */ = {isa = PBXFileReference; lastKnownFileType = sourcecode.swift; path = DateTransform.swift; sourceTree = "<group>"; };
		7F2C5398223DA21700577A8D /* NumberFormatter.swift */ = {isa = PBXFileReference; fileEncoding = 4; lastKnownFileType = sourcecode.swift; path = NumberFormatter.swift; sourceTree = "<group>"; };
		7F2C539A223DA63400577A8D /* EPM.swift */ = {isa = PBXFileReference; lastKnownFileType = sourcecode.swift; path = EPM.swift; sourceTree = "<group>"; };
		7F2C539C223DB0FA00577A8D /* LocalPushNotification.swift */ = {isa = PBXFileReference; lastKnownFileType = sourcecode.swift; path = LocalPushNotification.swift; sourceTree = "<group>"; };
		7F2C53A2223DD06000577A8D /* BillListViewModel.swift */ = {isa = PBXFileReference; lastKnownFileType = sourcecode.swift; path = BillListViewModel.swift; sourceTree = "<group>"; };
		7F2C53A4223DD2EC00577A8D /* Realm.swift */ = {isa = PBXFileReference; fileEncoding = 4; lastKnownFileType = sourcecode.swift; path = Realm.swift; sourceTree = "<group>"; };
		7F2C53A6223DD33800577A8D /* Bill.swift */ = {isa = PBXFileReference; lastKnownFileType = sourcecode.swift; path = Bill.swift; sourceTree = "<group>"; };
		7FD188A8225FD0FE00388CAC /* BillListTableViewCell.swift */ = {isa = PBXFileReference; lastKnownFileType = sourcecode.swift; path = BillListTableViewCell.swift; sourceTree = "<group>"; };
		7FD188AA225FE72500388CAC /* UIBarButtonItem.swift */ = {isa = PBXFileReference; fileEncoding = 4; lastKnownFileType = sourcecode.swift; path = UIBarButtonItem.swift; sourceTree = "<group>"; };
		7FD188AC225FE79200388CAC /* UIImage.swift */ = {isa = PBXFileReference; fileEncoding = 4; lastKnownFileType = sourcecode.swift; path = UIImage.swift; sourceTree = "<group>"; };
		7FD188B0225FE7F900388CAC /* UIView.swift */ = {isa = PBXFileReference; fileEncoding = 4; lastKnownFileType = sourcecode.swift; path = UIView.swift; sourceTree = "<group>"; };
		7FE8239122F1FDA700883A30 /* Enel.swift */ = {isa = PBXFileReference; lastKnownFileType = sourcecode.swift; path = Enel.swift; sourceTree = "<group>"; };
		7FE8239322F3B2FF00883A30 /* Acueducto.swift */ = {isa = PBXFileReference; lastKnownFileType = sourcecode.swift; path = Acueducto.swift; sourceTree = "<group>"; };
		7FE8239522F3BD6900883A30 /* Regex.swift */ = {isa = PBXFileReference; lastKnownFileType = sourcecode.swift; path = Regex.swift; sourceTree = "<group>"; };
		B12F75A53B8DED2C9410AFFB /* Pods-BillsNotifier.debug.xcconfig */ = {isa = PBXFileReference; includeInIndex = 1; lastKnownFileType = text.xcconfig; name = "Pods-BillsNotifier.debug.xcconfig"; path = "Pods/Target Support Files/Pods-BillsNotifier/Pods-BillsNotifier.debug.xcconfig"; sourceTree = "<group>"; };
		DEF186F6D346851B3F0221CF /* Pods-BillsNotifier.release.xcconfig */ = {isa = PBXFileReference; includeInIndex = 1; lastKnownFileType = text.xcconfig; name = "Pods-BillsNotifier.release.xcconfig"; path = "Pods/Target Support Files/Pods-BillsNotifier/Pods-BillsNotifier.release.xcconfig"; sourceTree = "<group>"; };
		EE802D8009778065F850706D /* Pods_BillsNotifier.framework */ = {isa = PBXFileReference; explicitFileType = wrapper.framework; includeInIndex = 0; path = Pods_BillsNotifier.framework; sourceTree = BUILT_PRODUCTS_DIR; };
/* End PBXFileReference section */

/* Begin PBXFrameworksBuildPhase section */
		7F2C537A223D8DD900577A8D /* Frameworks */ = {
			isa = PBXFrameworksBuildPhase;
			buildActionMask = 2147483647;
			files = (
				01E5FDC70456C59C4F22E61A /* Pods_BillsNotifier.framework in Frameworks */,
			);
			runOnlyForDeploymentPostprocessing = 0;
		};
/* End PBXFrameworksBuildPhase section */

/* Begin PBXGroup section */
		7F2C5374223D8DD900577A8D = {
			isa = PBXGroup;
			children = (
				7F2C537F223D8DD900577A8D /* BillsNotifier */,
				7F2C537E223D8DD900577A8D /* Products */,
				8EF05D22D75D71D9C3DEA90F /* Pods */,
				DA9E895E99C50D5DC895AA51 /* Frameworks */,
			);
			sourceTree = "<group>";
		};
		7F2C537E223D8DD900577A8D /* Products */ = {
			isa = PBXGroup;
			children = (
				7F2C537D223D8DD900577A8D /* BillsNotifier.app */,
			);
			name = Products;
			sourceTree = "<group>";
		};
		7F2C537F223D8DD900577A8D /* BillsNotifier */ = {
			isa = PBXGroup;
			children = (
				7F2C5380223D8DD900577A8D /* AppDelegate.swift */,
				7FD188B2225FF07B00388CAC /* Extensions */,
				7FD188B3225FF08F00388CAC /* Model */,
				7FD188B5225FF0D000388CAC /* Controller */,
				7F2C5384223D8DD900577A8D /* Main.storyboard */,
				7F2C5387223D8DDC00577A8D /* Assets.xcassets */,
				7F2C5389223D8DDC00577A8D /* LaunchScreen.storyboard */,
				7F2C538C223D8DDC00577A8D /* Info.plist */,
			);
			path = BillsNotifier;
			sourceTree = "<group>";
		};
		7FD188B2225FF07B00388CAC /* Extensions */ = {
			isa = PBXGroup;
			children = (
				7F2C53A4223DD2EC00577A8D /* Realm.swift */,
				7FD188AA225FE72500388CAC /* UIBarButtonItem.swift */,
				7FD188AC225FE79200388CAC /* UIImage.swift */,
				7FD188B0225FE7F900388CAC /* UIView.swift */,
				7F2C5398223DA21700577A8D /* NumberFormatter.swift */,
				7FE8239522F3BD6900883A30 /* Regex.swift */,
			);
			path = Extensions;
			sourceTree = "<group>";
		};
		7FD188B3225FF08F00388CAC /* Model */ = {
			isa = PBXGroup;
			children = (
				7FE8239322F3B2FF00883A30 /* Acueducto.swift */,
				7FE8239122F1FDA700883A30 /* Enel.swift */,
				7F2C5392223D8E1000577A8D /* Claro.swift */,
				7F2C539A223DA63400577A8D /* EPM.swift */,
				7F2C53A6223DD33800577A8D /* Bill.swift */,
				7F2C5394223D996600577A8D /* DataRequest.swift */,
				7F2C5396223D9A8900577A8D /* DateTransform.swift */,
				7F2C539C223DB0FA00577A8D /* LocalPushNotification.swift */,
			);
			path = Model;
			sourceTree = "<group>";
		};
		7FD188B4225FF0C400388CAC /* BillList */ = {
			isa = PBXGroup;
			children = (
				7F2C5382223D8DD900577A8D /* ViewController.swift */,
				7FD188A8225FD0FE00388CAC /* BillListTableViewCell.swift */,
				7F2C53A2223DD06000577A8D /* BillListViewModel.swift */,
			);
			path = BillList;
			sourceTree = "<group>";
		};
		7FD188B5225FF0D000388CAC /* Controller */ = {
			isa = PBXGroup;
			children = (
				7FD188B4225FF0C400388CAC /* BillList */,
			);
			path = Controller;
			sourceTree = "<group>";
		};
		8EF05D22D75D71D9C3DEA90F /* Pods */ = {
			isa = PBXGroup;
			children = (
				B12F75A53B8DED2C9410AFFB /* Pods-BillsNotifier.debug.xcconfig */,
				DEF186F6D346851B3F0221CF /* Pods-BillsNotifier.release.xcconfig */,
			);
			name = Pods;
			sourceTree = "<group>";
		};
		DA9E895E99C50D5DC895AA51 /* Frameworks */ = {
			isa = PBXGroup;
			children = (
				EE802D8009778065F850706D /* Pods_BillsNotifier.framework */,
			);
			name = Frameworks;
			sourceTree = "<group>";
		};
/* End PBXGroup section */

/* Begin PBXNativeTarget section */
		7F2C537C223D8DD900577A8D /* BillsNotifier */ = {
			isa = PBXNativeTarget;
			buildConfigurationList = 7F2C538F223D8DDC00577A8D /* Build configuration list for PBXNativeTarget "BillsNotifier" */;
			buildPhases = (
				C00B99134DF022C4A5CA8DA1 /* [CP] Check Pods Manifest.lock */,
				7F2C5379223D8DD900577A8D /* Sources */,
				7F2C537A223D8DD900577A8D /* Frameworks */,
				7F2C537B223D8DD900577A8D /* Resources */,
				368316AF596E313DAC15EA64 /* [CP] Embed Pods Frameworks */,
			);
			buildRules = (
			);
			dependencies = (
			);
			name = BillsNotifier;
			productName = BillsNotifier;
			productReference = 7F2C537D223D8DD900577A8D /* BillsNotifier.app */;
			productType = "com.apple.product-type.application";
		};
/* End PBXNativeTarget section */

/* Begin PBXProject section */
		7F2C5375223D8DD900577A8D /* Project object */ = {
			isa = PBXProject;
			attributes = {
				LastSwiftUpdateCheck = 1010;
				LastUpgradeCheck = 1010;
				ORGANIZATIONNAME = Busta;
				TargetAttributes = {
					7F2C537C223D8DD900577A8D = {
						CreatedOnToolsVersion = 10.1;
						LastSwiftMigration = 1020;
					};
				};
			};
			buildConfigurationList = 7F2C5378223D8DD900577A8D /* Build configuration list for PBXProject "BillsNotifier" */;
			compatibilityVersion = "Xcode 9.3";
			developmentRegion = en;
			hasScannedForEncodings = 0;
			knownRegions = (
				en,
				Base,
			);
			mainGroup = 7F2C5374223D8DD900577A8D;
			productRefGroup = 7F2C537E223D8DD900577A8D /* Products */;
			projectDirPath = "";
			projectRoot = "";
			targets = (
				7F2C537C223D8DD900577A8D /* BillsNotifier */,
			);
		};
/* End PBXProject section */

/* Begin PBXResourcesBuildPhase section */
		7F2C537B223D8DD900577A8D /* Resources */ = {
			isa = PBXResourcesBuildPhase;
			buildActionMask = 2147483647;
			files = (
				7F2C538B223D8DDC00577A8D /* LaunchScreen.storyboard in Resources */,
				7F2C5388223D8DDC00577A8D /* Assets.xcassets in Resources */,
				7F2C5386223D8DD900577A8D /* Main.storyboard in Resources */,
			);
			runOnlyForDeploymentPostprocessing = 0;
		};
/* End PBXResourcesBuildPhase section */

/* Begin PBXShellScriptBuildPhase section */
		368316AF596E313DAC15EA64 /* [CP] Embed Pods Frameworks */ = {
			isa = PBXShellScriptBuildPhase;
			buildActionMask = 2147483647;
			files = (
			);
			inputFileListPaths = (
				"${PODS_ROOT}/Target Support Files/Pods-BillsNotifier/Pods-BillsNotifier-frameworks-${CONFIGURATION}-input-files.xcfilelist",
			);
			name = "[CP] Embed Pods Frameworks";
			outputFileListPaths = (
				"${PODS_ROOT}/Target Support Files/Pods-BillsNotifier/Pods-BillsNotifier-frameworks-${CONFIGURATION}-output-files.xcfilelist",
			);
			runOnlyForDeploymentPostprocessing = 0;
			shellPath = /bin/sh;
			shellScript = "\"${PODS_ROOT}/Target Support Files/Pods-BillsNotifier/Pods-BillsNotifier-frameworks.sh\"\n";
			showEnvVarsInLog = 0;
		};
		C00B99134DF022C4A5CA8DA1 /* [CP] Check Pods Manifest.lock */ = {
			isa = PBXShellScriptBuildPhase;
			buildActionMask = 2147483647;
			files = (
			);
			inputFileListPaths = (
			);
			inputPaths = (
				"${PODS_PODFILE_DIR_PATH}/Podfile.lock",
				"${PODS_ROOT}/Manifest.lock",
			);
			name = "[CP] Check Pods Manifest.lock";
			outputFileListPaths = (
			);
			outputPaths = (
				"$(DERIVED_FILE_DIR)/Pods-BillsNotifier-checkManifestLockResult.txt",
			);
			runOnlyForDeploymentPostprocessing = 0;
			shellPath = /bin/sh;
			shellScript = "diff \"${PODS_PODFILE_DIR_PATH}/Podfile.lock\" \"${PODS_ROOT}/Manifest.lock\" > /dev/null\nif [ $? != 0 ] ; then\n    # print error to STDERR\n    echo \"error: The sandbox is not in sync with the Podfile.lock. Run 'pod install' or update your CocoaPods installation.\" >&2\n    exit 1\nfi\n# This output is used by Xcode 'outputs' to avoid re-running this script phase.\necho \"SUCCESS\" > \"${SCRIPT_OUTPUT_FILE_0}\"\n";
			showEnvVarsInLog = 0;
		};
/* End PBXShellScriptBuildPhase section */

/* Begin PBXSourcesBuildPhase section */
		7F2C5379223D8DD900577A8D /* Sources */ = {
			isa = PBXSourcesBuildPhase;
			buildActionMask = 2147483647;
			files = (
				7F2C539D223DB0FA00577A8D /* LocalPushNotification.swift in Sources */,
				7FD188AB225FE72500388CAC /* UIBarButtonItem.swift in Sources */,
				7F2C5393223D8E1000577A8D /* Claro.swift in Sources */,
				7F2C539B223DA63400577A8D /* EPM.swift in Sources */,
				7F2C53A3223DD06000577A8D /* BillListViewModel.swift in Sources */,
				7FE8239622F3BD6900883A30 /* Regex.swift in Sources */,
				7F2C5399223DA21700577A8D /* NumberFormatter.swift in Sources */,
				7F2C5383223D8DD900577A8D /* ViewController.swift in Sources */,
				7F2C5381223D8DD900577A8D /* AppDelegate.swift in Sources */,
				7FD188AD225FE79200388CAC /* UIImage.swift in Sources */,
				7FE8239422F3B2FF00883A30 /* Acueducto.swift in Sources */,
				7FE8239222F1FDA700883A30 /* Enel.swift in Sources */,
				7F2C5397223D9A8900577A8D /* DateTransform.swift in Sources */,
				7F2C5395223D996600577A8D /* DataRequest.swift in Sources */,
				7FD188B1225FE7FA00388CAC /* UIView.swift in Sources */,
				7F2C53A5223DD2EC00577A8D /* Realm.swift in Sources */,
				7FD188A9225FD0FE00388CAC /* BillListTableViewCell.swift in Sources */,
				7F2C53A7223DD33800577A8D /* Bill.swift in Sources */,
			);
			runOnlyForDeploymentPostprocessing = 0;
		};
/* End PBXSourcesBuildPhase section */

/* Begin PBXVariantGroup section */
		7F2C5384223D8DD900577A8D /* Main.storyboard */ = {
			isa = PBXVariantGroup;
			children = (
				7F2C5385223D8DD900577A8D /* Base */,
			);
			name = Main.storyboard;
			sourceTree = "<group>";
		};
		7F2C5389223D8DDC00577A8D /* LaunchScreen.storyboard */ = {
			isa = PBXVariantGroup;
			children = (
				7F2C538A223D8DDC00577A8D /* Base */,
			);
			name = LaunchScreen.storyboard;
			sourceTree = "<group>";
		};
/* End PBXVariantGroup section */

/* Begin XCBuildConfiguration section */
		7F2C538D223D8DDC00577A8D /* Debug */ = {
			isa = XCBuildConfiguration;
			buildSettings = {
				ALWAYS_SEARCH_USER_PATHS = NO;
				CLANG_ANALYZER_NONNULL = YES;
				CLANG_ANALYZER_NUMBER_OBJECT_CONVERSION = YES_AGGRESSIVE;
				CLANG_CXX_LANGUAGE_STANDARD = "gnu++14";
				CLANG_CXX_LIBRARY = "libc++";
				CLANG_ENABLE_MODULES = YES;
				CLANG_ENABLE_OBJC_ARC = YES;
				CLANG_ENABLE_OBJC_WEAK = YES;
				CLANG_WARN_BLOCK_CAPTURE_AUTORELEASING = YES;
				CLANG_WARN_BOOL_CONVERSION = YES;
				CLANG_WARN_COMMA = YES;
				CLANG_WARN_CONSTANT_CONVERSION = YES;
				CLANG_WARN_DEPRECATED_OBJC_IMPLEMENTATIONS = YES;
				CLANG_WARN_DIRECT_OBJC_ISA_USAGE = YES_ERROR;
				CLANG_WARN_DOCUMENTATION_COMMENTS = YES;
				CLANG_WARN_EMPTY_BODY = YES;
				CLANG_WARN_ENUM_CONVERSION = YES;
				CLANG_WARN_INFINITE_RECURSION = YES;
				CLANG_WARN_INT_CONVERSION = YES;
				CLANG_WARN_NON_LITERAL_NULL_CONVERSION = YES;
				CLANG_WARN_OBJC_IMPLICIT_RETAIN_SELF = YES;
				CLANG_WARN_OBJC_LITERAL_CONVERSION = YES;
				CLANG_WARN_OBJC_ROOT_CLASS = YES_ERROR;
				CLANG_WARN_RANGE_LOOP_ANALYSIS = YES;
				CLANG_WARN_STRICT_PROTOTYPES = YES;
				CLANG_WARN_SUSPICIOUS_MOVE = YES;
				CLANG_WARN_UNGUARDED_AVAILABILITY = YES_AGGRESSIVE;
				CLANG_WARN_UNREACHABLE_CODE = YES;
				CLANG_WARN__DUPLICATE_METHOD_MATCH = YES;
				CODE_SIGN_IDENTITY = "iPhone Developer";
				COPY_PHASE_STRIP = NO;
				DEBUG_INFORMATION_FORMAT = dwarf;
				ENABLE_STRICT_OBJC_MSGSEND = YES;
				ENABLE_TESTABILITY = YES;
				GCC_C_LANGUAGE_STANDARD = gnu11;
				GCC_DYNAMIC_NO_PIC = NO;
				GCC_NO_COMMON_BLOCKS = YES;
				GCC_OPTIMIZATION_LEVEL = 0;
				GCC_PREPROCESSOR_DEFINITIONS = (
					"DEBUG=1",
					"$(inherited)",
				);
				GCC_WARN_64_TO_32_BIT_CONVERSION = YES;
				GCC_WARN_ABOUT_RETURN_TYPE = YES_ERROR;
				GCC_WARN_UNDECLARED_SELECTOR = YES;
				GCC_WARN_UNINITIALIZED_AUTOS = YES_AGGRESSIVE;
				GCC_WARN_UNUSED_FUNCTION = YES;
				GCC_WARN_UNUSED_VARIABLE = YES;
				IPHONEOS_DEPLOYMENT_TARGET = 10.0;
				MTL_ENABLE_DEBUG_INFO = INCLUDE_SOURCE;
				MTL_FAST_MATH = YES;
				ONLY_ACTIVE_ARCH = YES;
				SDKROOT = iphoneos;
				SWIFT_ACTIVE_COMPILATION_CONDITIONS = DEBUG;
				SWIFT_OPTIMIZATION_LEVEL = "-Onone";
			};
			name = Debug;
		};
		7F2C538E223D8DDC00577A8D /* Release */ = {
			isa = XCBuildConfiguration;
			buildSettings = {
				ALWAYS_SEARCH_USER_PATHS = NO;
				CLANG_ANALYZER_NONNULL = YES;
				CLANG_ANALYZER_NUMBER_OBJECT_CONVERSION = YES_AGGRESSIVE;
				CLANG_CXX_LANGUAGE_STANDARD = "gnu++14";
				CLANG_CXX_LIBRARY = "libc++";
				CLANG_ENABLE_MODULES = YES;
				CLANG_ENABLE_OBJC_ARC = YES;
				CLANG_ENABLE_OBJC_WEAK = YES;
				CLANG_WARN_BLOCK_CAPTURE_AUTORELEASING = YES;
				CLANG_WARN_BOOL_CONVERSION = YES;
				CLANG_WARN_COMMA = YES;
				CLANG_WARN_CONSTANT_CONVERSION = YES;
				CLANG_WARN_DEPRECATED_OBJC_IMPLEMENTATIONS = YES;
				CLANG_WARN_DIRECT_OBJC_ISA_USAGE = YES_ERROR;
				CLANG_WARN_DOCUMENTATION_COMMENTS = YES;
				CLANG_WARN_EMPTY_BODY = YES;
				CLANG_WARN_ENUM_CONVERSION = YES;
				CLANG_WARN_INFINITE_RECURSION = YES;
				CLANG_WARN_INT_CONVERSION = YES;
				CLANG_WARN_NON_LITERAL_NULL_CONVERSION = YES;
				CLANG_WARN_OBJC_IMPLICIT_RETAIN_SELF = YES;
				CLANG_WARN_OBJC_LITERAL_CONVERSION = YES;
				CLANG_WARN_OBJC_ROOT_CLASS = YES_ERROR;
				CLANG_WARN_RANGE_LOOP_ANALYSIS = YES;
				CLANG_WARN_STRICT_PROTOTYPES = YES;
				CLANG_WARN_SUSPICIOUS_MOVE = YES;
				CLANG_WARN_UNGUARDED_AVAILABILITY = YES_AGGRESSIVE;
				CLANG_WARN_UNREACHABLE_CODE = YES;
				CLANG_WARN__DUPLICATE_METHOD_MATCH = YES;
				CODE_SIGN_IDENTITY = "iPhone Developer";
				COPY_PHASE_STRIP = NO;
				DEBUG_INFORMATION_FORMAT = "dwarf-with-dsym";
				ENABLE_NS_ASSERTIONS = NO;
				ENABLE_STRICT_OBJC_MSGSEND = YES;
				GCC_C_LANGUAGE_STANDARD = gnu11;
				GCC_NO_COMMON_BLOCKS = YES;
				GCC_WARN_64_TO_32_BIT_CONVERSION = YES;
				GCC_WARN_ABOUT_RETURN_TYPE = YES_ERROR;
				GCC_WARN_UNDECLARED_SELECTOR = YES;
				GCC_WARN_UNINITIALIZED_AUTOS = YES_AGGRESSIVE;
				GCC_WARN_UNUSED_FUNCTION = YES;
				GCC_WARN_UNUSED_VARIABLE = YES;
				IPHONEOS_DEPLOYMENT_TARGET = 10.0;
				MTL_ENABLE_DEBUG_INFO = NO;
				MTL_FAST_MATH = YES;
				SDKROOT = iphoneos;
				SWIFT_COMPILATION_MODE = wholemodule;
				SWIFT_OPTIMIZATION_LEVEL = "-O";
				VALIDATE_PRODUCT = YES;
			};
			name = Release;
		};
		7F2C5390223D8DDC00577A8D /* Debug */ = {
			isa = XCBuildConfiguration;
			baseConfigurationReference = B12F75A53B8DED2C9410AFFB /* Pods-BillsNotifier.debug.xcconfig */;
			buildSettings = {
				ASSETCATALOG_COMPILER_APPICON_NAME = AppIcon;
				CODE_SIGN_STYLE = Manual;
				DEVELOPMENT_TEAM = 944JYYH783;
				INFOPLIST_FILE = BillsNotifier/Info.plist;
				LD_RUNPATH_SEARCH_PATHS = (
					"$(inherited)",
					"@executable_path/Frameworks",
				);
				PRODUCT_BUNDLE_IDENTIFIER = info.santiagobustamante.BillsNotifier;
				PRODUCT_NAME = "$(TARGET_NAME)";
				PROVISIONING_PROFILE_SPECIFIER = "MedAnswers Wildcard Development";
				SWIFT_VERSION = 5.0;
				TARGETED_DEVICE_FAMILY = 1;
			};
			name = Debug;
		};
		7F2C5391223D8DDC00577A8D /* Release */ = {
			isa = XCBuildConfiguration;
			baseConfigurationReference = DEF186F6D346851B3F0221CF /* Pods-BillsNotifier.release.xcconfig */;
			buildSettings = {
				ASSETCATALOG_COMPILER_APPICON_NAME = AppIcon;
				CODE_SIGN_STYLE = Manual;
				DEVELOPMENT_TEAM = "";
				INFOPLIST_FILE = BillsNotifier/Info.plist;
				LD_RUNPATH_SEARCH_PATHS = (
					"$(inherited)",
					"@executable_path/Frameworks",
				);
				PRODUCT_BUNDLE_IDENTIFIER = info.santiagobustamante.BillsNotifier;
				PRODUCT_NAME = "$(TARGET_NAME)";
				PROVISIONING_PROFILE_SPECIFIER = "";
				SWIFT_VERSION = 5.0;
				TARGETED_DEVICE_FAMILY = 1;
			};
			name = Release;
		};
/* End XCBuildConfiguration section */

/* Begin XCConfigurationList section */
		7F2C5378223D8DD900577A8D /* Build configuration list for PBXProject "BillsNotifier" */ = {
			isa = XCConfigurationList;
			buildConfigurations = (
				7F2C538D223D8DDC00577A8D /* Debug */,
				7F2C538E223D8DDC00577A8D /* Release */,
			);
			defaultConfigurationIsVisible = 0;
			defaultConfigurationName = Release;
		};
		7F2C538F223D8DDC00577A8D /* Build configuration list for PBXNativeTarget "BillsNotifier" */ = {
			isa = XCConfigurationList;
			buildConfigurations = (
				7F2C5390223D8DDC00577A8D /* Debug */,
				7F2C5391223D8DDC00577A8D /* Release */,
			);
			defaultConfigurationIsVisible = 0;
			defaultConfigurationName = Release;
		};
/* End XCConfigurationList section */
	};
	rootObject = 7F2C5375223D8DD900577A8D /* Project object */;
}
